
Microsoft Visual Studio Solution File, Format Version 12.00
# Visual Studio 15
VisualStudioVersion = 15.0.27703.2035
MinimumVisualStudioVersion = 10.0.40219.1
Project("{FAE04EC0-301F-11D3-BF4B-00C04F79EFBC}") = "EmailStore", "EmailStore\EmailStore.csproj", "{4B296EA2-CD16-4B28-A2DF-DD0A8FE0EC3C}"
EndProject
Global
	GlobalSection(SolutionConfigurationPlatforms) = preSolution
		Debug|Any CPU = Debug|Any CPU
		Release|Any CPU = Release|Any CPU
	EndGlobalSection
	GlobalSection(ProjectConfigurationPlatforms) = postSolution
		{4B296EA2-CD16-4B28-A2DF-DD0A8FE0EC3C}.Debug|Any CPU.ActiveCfg = Debug|Any CPU
		{4B296EA2-CD16-4B28-A2DF-DD0A8FE0EC3C}.Debug|Any CPU.Build.0 = Debug|Any CPU
		{4B296EA2-CD16-4B28-A2DF-DD0A8FE0EC3C}.Release|Any CPU.ActiveCfg = Release|Any CPU
		{4B296EA2-CD16-4B28-A2DF-DD0A8FE0EC3C}.Release|Any CPU.Build.0 = Release|Any CPU
	EndGlobalSection
	GlobalSection(SolutionProperties) = preSolution
		HideSolutionNode = FALSE
	EndGlobalSection
	GlobalSection(ExtensibilityGlobals) = postSolution
		SolutionGuid = {E4B142E0-2FE1-4512-A6E7-2DB8F03D3538}
	EndGlobalSection
EndGlobal
